
Microsoft Visual Studio Solution File, Format Version 12.00
# Visual Studio Version 17
VisualStudioVersion = 17.11.35312.102
MinimumVisualStudioVersion = 10.0.40219.1
Project("{9A19103F-16F7-4668-BE54-9A1E7A4F7556}") = "BlazorBounce", "BlazorBounce\BlazorBounce.csproj", "{CE62AE27-90A9-4C6E-B2FF-793091440EEF}"
EndProject
Project("{2150E333-8FDC-42A3-9474-1A3956D46DE8}") = "Solution Items", "Solution Items", "{A1A3BD11-9B91-446E-8892-18FECCF4F191}"
	ProjectSection(SolutionItems) = preProject
		.gitignore = .gitignore
		docfx.json = docfx.json
		index.md = index.md
		README.md = README.md
		ServeDocs.cmd = ServeDocs.cmd
		toc.yml = toc.yml
	EndProjectSection
EndProject
Global
	GlobalSection(SolutionConfigurationPlatforms) = preSolution
		Debug|Any CPU = Debug|Any CPU
		Release|Any CPU = Release|Any CPU
	EndGlobalSection
	GlobalSection(ProjectConfigurationPlatforms) = postSolution
		{CE62AE27-90A9-4C6E-B2FF-793091440EEF}.Debug|Any CPU.ActiveCfg = Debug|Any CPU
		{CE62AE27-90A9-4C6E-B2FF-793091440EEF}.Debug|Any CPU.Build.0 = Debug|Any CPU
		{CE62AE27-90A9-4C6E-B2FF-793091440EEF}.Release|Any CPU.ActiveCfg = Release|Any CPU
		{CE62AE27-90A9-4C6E-B2FF-793091440EEF}.Release|Any CPU.Build.0 = Release|Any CPU
	EndGlobalSection
	GlobalSection(SolutionProperties) = preSolution
		HideSolutionNode = FALSE
	EndGlobalSection
	GlobalSection(ExtensibilityGlobals) = postSolution
		SolutionGuid = {98D11EFF-1E41-4741-9E55-9E5FC37C29A3}
	EndGlobalSection
EndGlobal
